{
  "nodes": {
    "nixpkgs": {
      "locked": {
        "lastModified": 1733344095,
        "narHash": "sha256-5nLZchUTng6oKGOw5MIXO3jnQVw9BzgRcKtBc7SPlXA=",
        "owner": "NixOS",
        "repo": "nixpkgs",
        "rev": "1330ae4275a0a308cac32d819a14179462c502e3",
        "type": "github"
      },
      "original": {
        "owner": "NixOS",
        "repo": "nixpkgs",
        "type": "github"
      }
    },
    "root": {
      "inputs": {
        "nixpkgs": "nixpkgs"
      }
    }
  },
  "root": "root",
  "version": 7
}
